
Microsoft Visual Studio Solution File, Format Version 12.00
# Visual Studio Version 17
VisualStudioVersion = 17.10.35013.160
MinimumVisualStudioVersion = 10.0.40219.1
Project("{FAE04EC0-301F-11D3-BF4B-00C04F79EFBC}") = "CodeMaster_AQA", "CodeMaster_AQA\CodeMaster_AQA.csproj", "{2791EEBE-AADD-4A77-B76C-5E6F29A04F71}"
EndProject
Global
	GlobalSection(SolutionConfigurationPlatforms) = preSolution
		Debug|Any CPU = Debug|Any CPU
		Release|Any CPU = Release|Any CPU
	EndGlobalSection
	GlobalSection(ProjectConfigurationPlatforms) = postSolution
		{2791EEBE-AADD-4A77-B76C-5E6F29A04F71}.Debug|Any CPU.ActiveCfg = Debug|Any CPU
		{2791EEBE-AADD-4A77-B76C-5E6F29A04F71}.Debug|Any CPU.Build.0 = Debug|Any CPU
		{2791EEBE-AADD-4A77-B76C-5E6F29A04F71}.Release|Any CPU.ActiveCfg = Release|Any CPU
		{2791EEBE-AADD-4A77-B76C-5E6F29A04F71}.Release|Any CPU.Build.0 = Release|Any CPU
	EndGlobalSection
	GlobalSection(SolutionProperties) = preSolution
		HideSolutionNode = FALSE
	EndGlobalSection
	GlobalSection(ExtensibilityGlobals) = postSolution
		SolutionGuid = {F0744B62-2B05-417E-8C1B-F15083A29041}
	EndGlobalSection
EndGlobal
